<?xml version="1.0" encoding="utf-8"?>
<Project ToolsVersion="4.0" xmlns="http://schemas.microsoft.com/developer/msbuild/2003">
  <ItemGroup>
    <Filter Include="Source Files">
      <UniqueIdentifier>{4FC737F1-C7A5-4376-A066-2A32D752A2FF}</UniqueIdentifier>
      <Extensions>cpp;c;cc;cxx;def;odl;idl;hpj;bat;asm;asmx</Extensions>
    </Filter>
    <Filter Include="Header Files">
      <UniqueIdentifier>{93995380-89BD-4b04-88EB-625FBE52EBFB}</UniqueIdentifier>
      <Extensions>h;hh;hpp;hxx;hm;inl;inc;xsd</Extensions>
    </Filter>
    <Filter Include="Resource Files">
      <UniqueIdentifier>{67DA6AB6-F800-4c08-8B7A-83BB121AAD01}</UniqueIdentifier>
      <Extensions>rc;ico;cur;bmp;dlg;rc2;rct;bin;rgs;gif;jpg;jpeg;jpe;resx;tiff;tif;png;wav;mfcribbon-ms</Extensions>
    </Filter>
    <Filter Include="Header Files\FrameWork">
      <UniqueIdentifier>{678bb3a7-ca97-45cf-9bcd-3dee9c30b2fd}</UniqueIdentifier>
    </Filter>
    <Filter Include="Source Files\FrameWork">
      <UniqueIdentifier>{2af07c6e-8845-4dd3-9c1c-f110be95e3cc}</UniqueIdentifier>
    </Filter>
    <Filter Include="Header Files\FrameWork\Others">
      <UniqueIdentifier>{78f2910b-cbbb-433d-a9fa-091070d6a23f}</UniqueIdentifier>
    </Filter>
    <Filter Include="Header Files\FrameWork\Drawable">
      <UniqueIdentifier>{0d19cd1c-c704-4313-a9e9-76cf1abbe752}</UniqueIdentifier>
    </Filter>
    <Filter Include="Source Files\FrameWork\Others">
      <UniqueIdentifier>{983abed7-56c2-4e80-9e05-1df06de02eb5}</UniqueIdentifier>
    </Filter>
    <Filter Include="Source Files\FrameWork\Drawable">
      <UniqueIdentifier>{e8e5cd52-a336-48bb-91d0-ad7f57582a91}</UniqueIdentifier>
    </Filter>
    <Filter Include="Header Files\FrameWork\Input">
      <UniqueIdentifier>{6b4ca412-65c1-48c8-b8a6-f86160e240ca}</UniqueIdentifier>
    </Filter>
    <Filter Include="Source Files\FrameWork\Input">
      <UniqueIdentifier>{5de330bc-40b7-4a55-a4c2-42ab38f03246}</UniqueIdentifier>
    </Filter>
    <Filter Include="Header Files\FrameWork\Map">
      <UniqueIdentifier>{53c929c4-e975-488a-b95c-0d76c5bf0a1e}</UniqueIdentifier>
    </Filter>
    <Filter Include="Source Files\FrameWork\Map">
      <UniqueIdentifier>{8fc61aee-dff5-44f4-85c2-1a76bd436a61}</UniqueIdentifier>
    </Filter>
    <Filter Include="Header Files\FrameWork\Camera">
      <UniqueIdentifier>{3a5cbff3-3ac2-4a73-a1dd-6ab5d31387d5}</UniqueIdentifier>
    </Filter>
    <Filter Include="Source Files\FrameWork\Camera">
      <UniqueIdentifier>{b02fc363-96bb-4ef9-8851-ed6b778f77d8}</UniqueIdentifier>
    </Filter>
  </ItemGroup>
  <ItemGroup>
    <ClCompile Include="Main.cpp">
      <Filter>Source Files</Filter>
    </ClCompile>
    <ClCompile Include="Game.cpp">
      <Filter>Source Files\FrameWork</Filter>
    </ClCompile>
    <ClCompile Include="Metroid.cpp">
      <Filter>Source Files\FrameWork</Filter>
    </ClCompile>
    <ClCompile Include="trace.cpp">
      <Filter>Source Files</Filter>
    </ClCompile>
    <ClCompile Include="others\Utility.cpp">
      <Filter>Source Files\FrameWork\Others</Filter>
    </ClCompile>
    <ClCompile Include="drawable\GameSprite.cpp">
      <Filter>Source Files\FrameWork\Drawable</Filter>
    </ClCompile>
    <ClCompile Include="drawable\SpriteManager.cpp">
      <Filter>Source Files\FrameWork\Drawable</Filter>
    </ClCompile>
    <ClCompile Include="others\Coordinate.cpp">
      <Filter>Source Files\FrameWork\Others</Filter>
    </ClCompile>
    <ClCompile Include="others\GraphicDevice.cpp">
      <Filter>Source Files\FrameWork\Others</Filter>
    </ClCompile>
    <ClCompile Include="others\GameObject.cpp">
      <Filter>Source Files\FrameWork\Others</Filter>
    </ClCompile>
    <ClCompile Include="input\KeyBoard.cpp">
      <Filter>Source Files\FrameWork\Input</Filter>
    </ClCompile>
    <ClCompile Include="drawable\BackGround.cpp">
      <Filter>Source Files\FrameWork\Drawable</Filter>
    </ClCompile>
    <ClCompile Include="Map.cpp">
      <Filter>Source Files\FrameWork\Map</Filter>
    </ClCompile>
    <ClCompile Include="Camera.cpp">
      <Filter>Source Files\FrameWork\Camera</Filter>
    </ClCompile>
  </ItemGroup>
  <ItemGroup>
    <ClInclude Include="Game.h">
      <Filter>Header Files\FrameWork</Filter>
    </ClInclude>
    <ClInclude Include="Metroid.h">
      <Filter>Header Files\FrameWork</Filter>
    </ClInclude>
    <ClInclude Include="trace.h">
      <Filter>Header Files</Filter>
    </ClInclude>
    <ClInclude Include="Define.h">
      <Filter>Header Files</Filter>
    </ClInclude>
    <ClInclude Include="math\Vector2.h">
      <Filter>Header Files\FrameWork\Others</Filter>
    </ClInclude>
    <ClInclude Include="others\Utility.h">
      <Filter>Header Files\FrameWork\Others</Filter>
    </ClInclude>
    <ClInclude Include="drawable\GameSprite.h">
      <Filter>Header Files\FrameWork\Drawable</Filter>
    </ClInclude>
    <ClInclude Include="drawable\SpriteManager.h">
      <Filter>Header Files\FrameWork\Drawable</Filter>
    </ClInclude>
    <ClInclude Include="others\Coordinate.h">
      <Filter>Header Files\FrameWork\Others</Filter>
    </ClInclude>
    <ClInclude Include="others\GraphicDevice.h">
      <Filter>Header Files\FrameWork\Others</Filter>
    </ClInclude>
    <ClInclude Include="others\DataSet.h">
      <Filter>Header Files\FrameWork\Others</Filter>
    </ClInclude>
    <ClInclude Include="others\GameObject.h">
      <Filter>Header Files\FrameWork\Others</Filter>
    </ClInclude>
    <ClInclude Include="input\KeyBoard.h">
      <Filter>Header Files\FrameWork\Input</Filter>
    </ClInclude>
    <ClInclude Include="drawable\BackGround.h">
      <Filter>Header Files\FrameWork\Drawable</Filter>
    </ClInclude>
    <ClInclude Include="Map.h">
      <Filter>Header Files\FrameWork\Map</Filter>
    </ClInclude>
    <ClInclude Include="Camera.h">
      <Filter>Header Files\FrameWork\Camera</Filter>
    </ClInclude>
  </ItemGroup>
  <ItemGroup>
    <Image Include="..\..\brick16x16.png">
      <Filter>Resource Files</Filter>
    </Image>
    <Image Include="..\..\player16x32.png">
      <Filter>Resource Files</Filter>
    </Image>
  </ItemGroup>
  <ItemGroup>
    <Text Include="..\..\room1.txt">
      <Filter>Resource Files</Filter>
    </Text>
    <Text Include="..\..\room2.txt">
      <Filter>Resource Files</Filter>
    </Text>
    <Text Include="..\..\room3.txt">
      <Filter>Resource Files</Filter>
    </Text>
  </ItemGroup>
</Project>